
Microsoft Visual Studio Solution File, Format Version 12.00
# Visual Studio 15
VisualStudioVersion = 15.0.28307.902
MinimumVisualStudioVersion = 10.0.40219.1
Project("{FAE04EC0-301F-11D3-BF4B-00C04F79EFBC}") = "csharp", "csharp\csharp.csproj", "{D7307D99-138F-495B-94B5-565108E2CF60}"
EndProject
Global
	GlobalSection(SolutionConfigurationPlatforms) = preSolution
		Debug|Any CPU = Debug|Any CPU
		Release|Any CPU = Release|Any CPU
	EndGlobalSection
	GlobalSection(ProjectConfigurationPlatforms) = postSolution
		{D7307D99-138F-495B-94B5-565108E2CF60}.Debug|Any CPU.ActiveCfg = Debug|Any CPU
		{D7307D99-138F-495B-94B5-565108E2CF60}.Debug|Any CPU.Build.0 = Debug|Any CPU
		{D7307D99-138F-495B-94B5-565108E2CF60}.Release|Any CPU.ActiveCfg = Release|Any CPU
		{D7307D99-138F-495B-94B5-565108E2CF60}.Release|Any CPU.Build.0 = Release|Any CPU
	EndGlobalSection
	GlobalSection(SolutionProperties) = preSolution
		HideSolutionNode = FALSE
	EndGlobalSection
	GlobalSection(ExtensibilityGlobals) = postSolution
		SolutionGuid = {646FEE9A-1A47-490F-907F-858AF2045C0E}
	EndGlobalSection
EndGlobal
